
Microsoft Visual Studio Solution File, Format Version 12.00
# Visual Studio Version 17
VisualStudioVersion = 17.8.34330.188
MinimumVisualStudioVersion = 10.0.40219.1
Project("{FAE04EC0-301F-11D3-BF4B-00C04F79EFBC}") = "car_game", "car_game\car_game.csproj", "{586B9977-7D63-4302-A681-8A7E5EDB8567}"
EndProject
Global
	GlobalSection(SolutionConfigurationPlatforms) = preSolution
		Debug|Any CPU = Debug|Any CPU
		Release|Any CPU = Release|Any CPU
	EndGlobalSection
	GlobalSection(ProjectConfigurationPlatforms) = postSolution
		{586B9977-7D63-4302-A681-8A7E5EDB8567}.Debug|Any CPU.ActiveCfg = Debug|Any CPU
		{586B9977-7D63-4302-A681-8A7E5EDB8567}.Debug|Any CPU.Build.0 = Debug|Any CPU
		{586B9977-7D63-4302-A681-8A7E5EDB8567}.Release|Any CPU.ActiveCfg = Release|Any CPU
		{586B9977-7D63-4302-A681-8A7E5EDB8567}.Release|Any CPU.Build.0 = Release|Any CPU
	EndGlobalSection
	GlobalSection(SolutionProperties) = preSolution
		HideSolutionNode = FALSE
	EndGlobalSection
	GlobalSection(ExtensibilityGlobals) = postSolution
		SolutionGuid = {AD15A26A-7EC1-4ECD-A0A4-488B63D6FC6B}
	EndGlobalSection
EndGlobal
